
Microsoft Visual Studio Solution File, Format Version 12.00
# Visual Studio Version 17
VisualStudioVersion = 17.8.34330.188
MinimumVisualStudioVersion = 10.0.40219.1
Project("{FAE04EC0-301F-11D3-BF4B-00C04F79EFBC}") = "TeduBlog.Api", "src\TeduBlog.Api\TeduBlog.Api.csproj", "{B720B9F1-93AB-4843-9EEE-68199D8B6C70}"
EndProject
Project("{FAE04EC0-301F-11D3-BF4B-00C04F79EFBC}") = "TeduBlog.Core", "src\TeduBlog.Core\TeduBlog.Core.csproj", "{5F48B4C3-37FB-47C1-8BD0-9FFD144D87FE}"
EndProject
Project("{FAE04EC0-301F-11D3-BF4B-00C04F79EFBC}") = "TeduBlog.Data", "src\TeduBlog.Data\TeduBlog.Data.csproj", "{521EBC40-CA8E-4462-A930-B97DF6E104A0}"
EndProject
Project("{FAE04EC0-301F-11D3-BF4B-00C04F79EFBC}") = "TeduBlog.WebApp", "src\TeduBlog.WebApp\TeduBlog.WebApp.csproj", "{4193E37E-401B-408B-A984-7E83FC02BEC3}"
EndProject
Global
	GlobalSection(SolutionConfigurationPlatforms) = preSolution
		Debug|Any CPU = Debug|Any CPU
		Release|Any CPU = Release|Any CPU
	EndGlobalSection
	GlobalSection(ProjectConfigurationPlatforms) = postSolution
		{B720B9F1-93AB-4843-9EEE-68199D8B6C70}.Debug|Any CPU.ActiveCfg = Debug|Any CPU
		{B720B9F1-93AB-4843-9EEE-68199D8B6C70}.Debug|Any CPU.Build.0 = Debug|Any CPU
		{B720B9F1-93AB-4843-9EEE-68199D8B6C70}.Release|Any CPU.ActiveCfg = Release|Any CPU
		{B720B9F1-93AB-4843-9EEE-68199D8B6C70}.Release|Any CPU.Build.0 = Release|Any CPU
		{5F48B4C3-37FB-47C1-8BD0-9FFD144D87FE}.Debug|Any CPU.ActiveCfg = Debug|Any CPU
		{5F48B4C3-37FB-47C1-8BD0-9FFD144D87FE}.Debug|Any CPU.Build.0 = Debug|Any CPU
		{5F48B4C3-37FB-47C1-8BD0-9FFD144D87FE}.Release|Any CPU.ActiveCfg = Release|Any CPU
		{5F48B4C3-37FB-47C1-8BD0-9FFD144D87FE}.Release|Any CPU.Build.0 = Release|Any CPU
		{521EBC40-CA8E-4462-A930-B97DF6E104A0}.Debug|Any CPU.ActiveCfg = Debug|Any CPU
		{521EBC40-CA8E-4462-A930-B97DF6E104A0}.Debug|Any CPU.Build.0 = Debug|Any CPU
		{521EBC40-CA8E-4462-A930-B97DF6E104A0}.Release|Any CPU.ActiveCfg = Release|Any CPU
		{521EBC40-CA8E-4462-A930-B97DF6E104A0}.Release|Any CPU.Build.0 = Release|Any CPU
		{4193E37E-401B-408B-A984-7E83FC02BEC3}.Debug|Any CPU.ActiveCfg = Debug|Any CPU
		{4193E37E-401B-408B-A984-7E83FC02BEC3}.Debug|Any CPU.Build.0 = Debug|Any CPU
		{4193E37E-401B-408B-A984-7E83FC02BEC3}.Release|Any CPU.ActiveCfg = Release|Any CPU
		{4193E37E-401B-408B-A984-7E83FC02BEC3}.Release|Any CPU.Build.0 = Release|Any CPU
	EndGlobalSection
	GlobalSection(SolutionProperties) = preSolution
		HideSolutionNode = FALSE
	EndGlobalSection
	GlobalSection(ExtensibilityGlobals) = postSolution
		SolutionGuid = {AC08F17F-EBCA-45E9-A99C-D7160753A753}
	EndGlobalSection
EndGlobal
